Microsoft Visual Studio Solution File, Format Version 11.00
# Visual Studio 2008

Project("{C8ED816B-EB4C-9010-B92B-8802491A247D}") = "uNet", "Assembly-CSharp.csproj", "{B6D10A33-6A74-71B3-43E4-208AA9119B55}"
EndProject
Global
	GlobalSection(SolutionConfigurationPlatforms) = preSolution
		Debug|Any CPU = Debug|Any CPU
		Release|Any CPU = Release|Any CPU
	EndGlobalSection
	GlobalSection(ProjectConfigurationPlatforms) = postSolution
		{B6D10A33-6A74-71B3-43E4-208AA9119B55}.Debug|Any CPU.ActiveCfg = Debug|Any CPU
		{B6D10A33-6A74-71B3-43E4-208AA9119B55}.Debug|Any CPU.Build.0 = Debug|Any CPU
		{B6D10A33-6A74-71B3-43E4-208AA9119B55}.Release|Any CPU.ActiveCfg = Release|Any CPU
		{B6D10A33-6A74-71B3-43E4-208AA9119B55}.Release|Any CPU.Build.0 = Release|Any CPU
	EndGlobalSection
	GlobalSection(SolutionProperties) = preSolution
		HideSolutionNode = FALSE
	EndGlobalSection
	GlobalSection(MonoDevelopProperties) = preSolution
		StartupItem = Assembly-CSharp.csproj
	EndGlobalSection
EndGlobal
