Microsoft Visual Studio Solution File, Format Version 11.00
# Visual Studio 2008

Project("{9D9018B9-C49E-4ACA-DC27-3A8C7B8C2D10}") = "PlaymakerFlappybird", "Assembly-CSharp.csproj", "{822A2614-551E-220A-09B6-CB454FCA2E32}"
EndProject
Project("{9D9018B9-C49E-4ACA-DC27-3A8C7B8C2D10}") = "PlaymakerFlappybird", "Assembly-CSharp-Editor.csproj", "{3189AC74-D740-C7E5-1ABA-B8EE055DA15A}"
EndProject
Global
	GlobalSection(SolutionConfigurationPlatforms) = preSolution
		Debug|Any CPU = Debug|Any CPU
		Release|Any CPU = Release|Any CPU
	EndGlobalSection
	GlobalSection(ProjectConfigurationPlatforms) = postSolution
		{822A2614-551E-220A-09B6-CB454FCA2E32}.Debug|Any CPU.ActiveCfg = Debug|Any CPU
		{822A2614-551E-220A-09B6-CB454FCA2E32}.Debug|Any CPU.Build.0 = Debug|Any CPU
		{822A2614-551E-220A-09B6-CB454FCA2E32}.Release|Any CPU.ActiveCfg = Release|Any CPU
		{822A2614-551E-220A-09B6-CB454FCA2E32}.Release|Any CPU.Build.0 = Release|Any CPU
		{3189AC74-D740-C7E5-1ABA-B8EE055DA15A}.Debug|Any CPU.ActiveCfg = Debug|Any CPU
		{3189AC74-D740-C7E5-1ABA-B8EE055DA15A}.Debug|Any CPU.Build.0 = Debug|Any CPU
		{3189AC74-D740-C7E5-1ABA-B8EE055DA15A}.Release|Any CPU.ActiveCfg = Release|Any CPU
		{3189AC74-D740-C7E5-1ABA-B8EE055DA15A}.Release|Any CPU.Build.0 = Release|Any CPU
	EndGlobalSection
	GlobalSection(SolutionProperties) = preSolution
		HideSolutionNode = FALSE
	EndGlobalSection
	GlobalSection(MonoDevelopProperties) = preSolution
		StartupItem = Assembly-CSharp.csproj
	EndGlobalSection
EndGlobal
