Microsoft Visual Studio Solution File, Format Version 11.00
# Visual Studio 2008

Project("{C178F585-80D9-1448-401E-B169A6328419}") = "PlaneGame", "Assembly-CSharp.csproj", "{31C8FC27-99D5-8BA3-061A-A146EF3064A8}"
EndProject
Global
	GlobalSection(SolutionConfigurationPlatforms) = preSolution
		Debug|Any CPU = Debug|Any CPU
		Release|Any CPU = Release|Any CPU
	EndGlobalSection
	GlobalSection(ProjectConfigurationPlatforms) = postSolution
		{31C8FC27-99D5-8BA3-061A-A146EF3064A8}.Debug|Any CPU.ActiveCfg = Debug|Any CPU
		{31C8FC27-99D5-8BA3-061A-A146EF3064A8}.Debug|Any CPU.Build.0 = Debug|Any CPU
		{31C8FC27-99D5-8BA3-061A-A146EF3064A8}.Release|Any CPU.ActiveCfg = Release|Any CPU
		{31C8FC27-99D5-8BA3-061A-A146EF3064A8}.Release|Any CPU.Build.0 = Release|Any CPU
	EndGlobalSection
	GlobalSection(SolutionProperties) = preSolution
		HideSolutionNode = FALSE
	EndGlobalSection
	GlobalSection(MonoDevelopProperties) = preSolution
		StartupItem = Assembly-CSharp.csproj
	EndGlobalSection
EndGlobal
